
Microsoft Visual Studio Solution File, Format Version 12.00
# Visual Studio 15
VisualStudioVersion = 15.0.28307.271
MinimumVisualStudioVersion = 10.0.40219.1
Project("{FAE04EC0-301F-11D3-BF4B-00C04F79EFBC}") = "koichibot", "ConsoleApp1\koichibot.csproj", "{8B9D1C36-1EDE-41BE-BA37-8BE6F00D956A}"
EndProject
Global
	GlobalSection(SolutionConfigurationPlatforms) = preSolution
		Debug|Any CPU = Debug|Any CPU
		Release|Any CPU = Release|Any CPU
	EndGlobalSection
	GlobalSection(ProjectConfigurationPlatforms) = postSolution
		{8B9D1C36-1EDE-41BE-BA37-8BE6F00D956A}.Debug|Any CPU.ActiveCfg = Debug|Any CPU
		{8B9D1C36-1EDE-41BE-BA37-8BE6F00D956A}.Debug|Any CPU.Build.0 = Debug|Any CPU
		{8B9D1C36-1EDE-41BE-BA37-8BE6F00D956A}.Release|Any CPU.ActiveCfg = Release|Any CPU
		{8B9D1C36-1EDE-41BE-BA37-8BE6F00D956A}.Release|Any CPU.Build.0 = Release|Any CPU
	EndGlobalSection
	GlobalSection(SolutionProperties) = preSolution
		HideSolutionNode = FALSE
	EndGlobalSection
	GlobalSection(ExtensibilityGlobals) = postSolution
		SolutionGuid = {789FA1EE-F283-4C8D-8081-F1EBA8B50B8B}
	EndGlobalSection
EndGlobal
